lockfileVersion: '9.0'

settings:
  autoInstallPeers: true
  excludeLinksFromLockfile: false

importers:

  .:
    dependencies:
      harmonics:
        specifier: ^1.1.2
        version: 1.1.2
      midi-writer-js:
        specifier: ^3.2.1
        version: 3.2.1
    devDependencies:
      midi-file:
        specifier: ^1.2.4
        version: 1.2.4

packages:

  '@tonaljs/midi@4.10.2':
    resolution: {integrity: sha512-MPamXhEwPL7L1udLfYMm3Ft8mLYtHr62Zi2w5zYHM2P7YwIvNoiX0+dvAN5is1Wvq4iVRa8AjFHerjOW/SZhGg==}

  '@tonaljs/pitch-note@6.1.0':
    resolution: {integrity: sha512-A4OSLo8DjM38u73862LnDmL4YInDDRBmg0fojXcvu4cyU3oOlqndyeHOra1OVoH/WW46uNIxNs1wJDZNPWL5KQ==}

  '@tonaljs/pitch@5.0.2':
    resolution: {integrity: sha512-mxaXJPPe+LIJdjzpZEl8I8Wx3dEvlzkBbsr2Ltwc2dTAdnErAZ5R0TxVq2egF27lMvQN2QPQPWI9iDPPdVUmrg==}

  harmonics@1.1.2:
    resolution: {integrity: sha512-K5d7WJ/KGwzKWyrvxP/bmnfMIkMgq/JeCZLRYSTOpB1UfaOz17O4PWHMnXeBNK0ScjllpZQw9D8UHIQxwD/6ig==}

  midi-file@1.2.4:
    resolution: {integrity: sha512-B5SnBC6i2bwJIXTY9MElIydJwAmnKx+r5eJ1jknTLetzLflEl0GWveuBB6ACrQpecSRkOB6fhTx1PwXk2BVxnA==}

  midi-writer-js@3.2.1:
    resolution: {integrity: sha512-mILW/zthDiinxd/fsVfCe0XWef0hHQzS+fukjS3W+gwBG3ljur241u7CsEC5T+9cOwIPVZCgw37pjKiKb7LJ1g==}

snapshots:

  '@tonaljs/midi@4.10.2':
    dependencies:
      '@tonaljs/pitch-note': 6.1.0

  '@tonaljs/pitch-note@6.1.0':
    dependencies:
      '@tonaljs/pitch': 5.0.2

  '@tonaljs/pitch@5.0.2': {}

  harmonics@1.1.2: {}

  midi-file@1.2.4: {}

  midi-writer-js@3.2.1:
    dependencies:
      '@tonaljs/midi': 4.10.2
